
Microsoft Visual Studio Solution File, Format Version 12.00
# Visual Studio Version 17
VisualStudioVersion = 17.14.36414.22
MinimumVisualStudioVersion = 10.0.40219.1
Project("{8BC9CEB8-8B4A-11D0-8D11-00A0C91BC942}") = "KCD2Keybinder", "KCD2KeybinderPlugin\KCD2KeybinderPlugin.vcxproj", "{664C1DD8-5AA8-43D5-842F-04DEE9A0A6A5}"
EndProject
Global
	GlobalSection(SolutionConfigurationPlatforms) = preSolution
		Debug|x64 = Debug|x64
		Debug|x86 = Debug|x86
		Release|x64 = Release|x64
		Release|x86 = Release|x86
	EndGlobalSection
	GlobalSection(ProjectConfigurationPlatforms) = postSolution
		{664C1DD8-5AA8-43D5-842F-04DEE9A0A6A5}.Debug|x64.ActiveCfg = Debug|x64
		{664C1DD8-5AA8-43D5-842F-04DEE9A0A6A5}.Debug|x64.Build.0 = Debug|x64
		{664C1DD8-5AA8-43D5-842F-04DEE9A0A6A5}.Debug|x86.ActiveCfg = Debug|Win32
		{664C1DD8-5AA8-43D5-842F-04DEE9A0A6A5}.Debug|x86.Build.0 = Debug|Win32
		{664C1DD8-5AA8-43D5-842F-04DEE9A0A6A5}.Release|x64.ActiveCfg = Release|x64
		{664C1DD8-5AA8-43D5-842F-04DEE9A0A6A5}.Release|x64.Build.0 = Release|x64
		{664C1DD8-5AA8-43D5-842F-04DEE9A0A6A5}.Release|x86.ActiveCfg = Release|Win32
		{664C1DD8-5AA8-43D5-842F-04DEE9A0A6A5}.Release|x86.Build.0 = Release|Win32
	EndGlobalSection
	GlobalSection(SolutionProperties) = preSolution
		HideSolutionNode = FALSE
	EndGlobalSection
	GlobalSection(ExtensibilityGlobals) = postSolution
		SolutionGuid = {4FB8221D-D11E-43A8-BD2D-E526A29297A0}
	EndGlobalSection
EndGlobal
